
Microsoft Visual Studio Solution File, Format Version 12.00
# Visual Studio Version 16
VisualStudioVersion = 16.0.29806.167
MinimumVisualStudioVersion = 10.0.40219.1
Project("{2150E333-8FDC-42A3-9474-1A3956D46DE8}") = "Domain", "Domain", "{8882BC3F-9E90-497A-889A-655016E09C21}"
EndProject
Project("{2150E333-8FDC-42A3-9474-1A3956D46DE8}") = "Server", "Server", "{2768FB17-0F29-4B41-9FB6-5F114D132402}"
EndProject
Project("{2150E333-8FDC-42A3-9474-1A3956D46DE8}") = "Api", "Api", "{F9298612-1A2C-4DD3-AFEF-B8693A08195C}"
EndProject
Project("{2150E333-8FDC-42A3-9474-1A3956D46DE8}") = "Commands", "Commands", "{B9CCDB1B-461E-480D-900A-3DDD2F709FAB}"
EndProject
Project("{9A19103F-16F7-4668-BE54-9A1E7A4F7556}") = "FocusMark.Domain", "Domain\Src\FocusMark.Domain.csproj", "{6ADAA51F-2753-4CEA-85F8-4491B5F3F6D8}"
EndProject
Project("{9A19103F-16F7-4668-BE54-9A1E7A4F7556}") = "FocusMark.Domain.Tests", "Domain\Tests\FocusMark.Domain.Tests.csproj", "{4BE9F606-14B7-435F-8A5D-90273A37125C}"
EndProject
Project("{2150E333-8FDC-42A3-9474-1A3956D46DE8}") = "Project", "Project", "{5019A886-9358-4773-8E13-40909377C58F}"
EndProject
Project("{9A19103F-16F7-4668-BE54-9A1E7A4F7556}") = "Api.Project", "Server\Api\Api.Project\Src\Api.Project.csproj", "{78DE3F49-C869-44F3-8DCA-664DB03FC4DF}"
EndProject
Project("{9A19103F-16F7-4668-BE54-9A1E7A4F7556}") = "Api.Project.Tests", "Server\Api\Api.Project\Tests\Api.Project.Tests.csproj", "{BA26B2B0-F99F-4616-B04B-90A884A9B179}"
EndProject
Project("{2150E333-8FDC-42A3-9474-1A3956D46DE8}") = "CreateProject", "CreateProject", "{353A31C5-5833-4BFC-9403-6935D4DD5BC6}"
EndProject
Project("{9A19103F-16F7-4668-BE54-9A1E7A4F7556}") = "Command.CreateProject", "Server\Commands\CreateProjectCommand\Src\Command.CreateProject.csproj", "{E98F8B81-1127-4BB6-83A0-D7E8BC97F1AA}"
EndProject
Project("{9A19103F-16F7-4668-BE54-9A1E7A4F7556}") = "Command.CreateProject.Tests", "Server\Commands\CreateProjectCommand\Tests\Command.CreateProject.Tests.csproj", "{3C8DED92-BABC-40A1-968B-A8FCF1D35FC7}"
EndProject
Project("{FAE04EC0-301F-11D3-BF4B-00C04F79EFBC}") = "Server.Shared", "Server\Shared\Src\Server.Shared.csproj", "{16960907-8434-48E8-B77E-EC4C7DC61AC3}"
EndProject
Project("{2150E333-8FDC-42A3-9474-1A3956D46DE8}") = "Shared", "Shared", "{E83AA066-CE90-4F19-97D6-FB89E58B6933}"
EndProject
Project("{FAE04EC0-301F-11D3-BF4B-00C04F79EFBC}") = "Server.Shared.Tests", "Server\Shared\Tests\Server.Shared.Tests.csproj", "{93BDF70A-3CA3-4655-B39B-AA3FADF7C252}"
EndProject
Global
	GlobalSection(SolutionConfigurationPlatforms) = preSolution
		Debug|Any CPU = Debug|Any CPU
		Release|Any CPU = Release|Any CPU
	EndGlobalSection
	GlobalSection(ProjectConfigurationPlatforms) = postSolution
		{6ADAA51F-2753-4CEA-85F8-4491B5F3F6D8}.Debug|Any CPU.ActiveCfg = Debug|Any CPU
		{6ADAA51F-2753-4CEA-85F8-4491B5F3F6D8}.Debug|Any CPU.Build.0 = Debug|Any CPU
		{6ADAA51F-2753-4CEA-85F8-4491B5F3F6D8}.Release|Any CPU.ActiveCfg = Release|Any CPU
		{6ADAA51F-2753-4CEA-85F8-4491B5F3F6D8}.Release|Any CPU.Build.0 = Release|Any CPU
		{4BE9F606-14B7-435F-8A5D-90273A37125C}.Debug|Any CPU.ActiveCfg = Debug|Any CPU
		{4BE9F606-14B7-435F-8A5D-90273A37125C}.Debug|Any CPU.Build.0 = Debug|Any CPU
		{4BE9F606-14B7-435F-8A5D-90273A37125C}.Release|Any CPU.ActiveCfg = Release|Any CPU
		{4BE9F606-14B7-435F-8A5D-90273A37125C}.Release|Any CPU.Build.0 = Release|Any CPU
		{78DE3F49-C869-44F3-8DCA-664DB03FC4DF}.Debug|Any CPU.ActiveCfg = Debug|Any CPU
		{78DE3F49-C869-44F3-8DCA-664DB03FC4DF}.Debug|Any CPU.Build.0 = Debug|Any CPU
		{78DE3F49-C869-44F3-8DCA-664DB03FC4DF}.Release|Any CPU.ActiveCfg = Release|Any CPU
		{78DE3F49-C869-44F3-8DCA-664DB03FC4DF}.Release|Any CPU.Build.0 = Release|Any CPU
		{BA26B2B0-F99F-4616-B04B-90A884A9B179}.Debug|Any CPU.ActiveCfg = Debug|Any CPU
		{BA26B2B0-F99F-4616-B04B-90A884A9B179}.Debug|Any CPU.Build.0 = Debug|Any CPU
		{BA26B2B0-F99F-4616-B04B-90A884A9B179}.Release|Any CPU.ActiveCfg = Release|Any CPU
		{BA26B2B0-F99F-4616-B04B-90A884A9B179}.Release|Any CPU.Build.0 = Release|Any CPU
		{E98F8B81-1127-4BB6-83A0-D7E8BC97F1AA}.Debug|Any CPU.ActiveCfg = Debug|Any CPU
		{E98F8B81-1127-4BB6-83A0-D7E8BC97F1AA}.Debug|Any CPU.Build.0 = Debug|Any CPU
		{E98F8B81-1127-4BB6-83A0-D7E8BC97F1AA}.Release|Any CPU.ActiveCfg = Release|Any CPU
		{E98F8B81-1127-4BB6-83A0-D7E8BC97F1AA}.Release|Any CPU.Build.0 = Release|Any CPU
		{3C8DED92-BABC-40A1-968B-A8FCF1D35FC7}.Debug|Any CPU.ActiveCfg = Debug|Any CPU
		{3C8DED92-BABC-40A1-968B-A8FCF1D35FC7}.Debug|Any CPU.Build.0 = Debug|Any CPU
		{3C8DED92-BABC-40A1-968B-A8FCF1D35FC7}.Release|Any CPU.ActiveCfg = Release|Any CPU
		{3C8DED92-BABC-40A1-968B-A8FCF1D35FC7}.Release|Any CPU.Build.0 = Release|Any CPU
		{16960907-8434-48E8-B77E-EC4C7DC61AC3}.Debug|Any CPU.ActiveCfg = Debug|Any CPU
		{16960907-8434-48E8-B77E-EC4C7DC61AC3}.Debug|Any CPU.Build.0 = Debug|Any CPU
		{16960907-8434-48E8-B77E-EC4C7DC61AC3}.Release|Any CPU.ActiveCfg = Release|Any CPU
		{16960907-8434-48E8-B77E-EC4C7DC61AC3}.Release|Any CPU.Build.0 = Release|Any CPU
		{93BDF70A-3CA3-4655-B39B-AA3FADF7C252}.Debug|Any CPU.ActiveCfg = Debug|Any CPU
		{93BDF70A-3CA3-4655-B39B-AA3FADF7C252}.Debug|Any CPU.Build.0 = Debug|Any CPU
		{93BDF70A-3CA3-4655-B39B-AA3FADF7C252}.Release|Any CPU.ActiveCfg = Release|Any CPU
		{93BDF70A-3CA3-4655-B39B-AA3FADF7C252}.Release|Any CPU.Build.0 = Release|Any CPU
	EndGlobalSection
	GlobalSection(SolutionProperties) = preSolution
		HideSolutionNode = FALSE
	EndGlobalSection
	GlobalSection(NestedProjects) = preSolution
		{F9298612-1A2C-4DD3-AFEF-B8693A08195C} = {2768FB17-0F29-4B41-9FB6-5F114D132402}
		{B9CCDB1B-461E-480D-900A-3DDD2F709FAB} = {2768FB17-0F29-4B41-9FB6-5F114D132402}
		{6ADAA51F-2753-4CEA-85F8-4491B5F3F6D8} = {8882BC3F-9E90-497A-889A-655016E09C21}
		{4BE9F606-14B7-435F-8A5D-90273A37125C} = {8882BC3F-9E90-497A-889A-655016E09C21}
		{5019A886-9358-4773-8E13-40909377C58F} = {F9298612-1A2C-4DD3-AFEF-B8693A08195C}
		{78DE3F49-C869-44F3-8DCA-664DB03FC4DF} = {5019A886-9358-4773-8E13-40909377C58F}
		{BA26B2B0-F99F-4616-B04B-90A884A9B179} = {5019A886-9358-4773-8E13-40909377C58F}
		{353A31C5-5833-4BFC-9403-6935D4DD5BC6} = {B9CCDB1B-461E-480D-900A-3DDD2F709FAB}
		{E98F8B81-1127-4BB6-83A0-D7E8BC97F1AA} = {353A31C5-5833-4BFC-9403-6935D4DD5BC6}
		{3C8DED92-BABC-40A1-968B-A8FCF1D35FC7} = {353A31C5-5833-4BFC-9403-6935D4DD5BC6}
		{16960907-8434-48E8-B77E-EC4C7DC61AC3} = {E83AA066-CE90-4F19-97D6-FB89E58B6933}
		{E83AA066-CE90-4F19-97D6-FB89E58B6933} = {2768FB17-0F29-4B41-9FB6-5F114D132402}
		{93BDF70A-3CA3-4655-B39B-AA3FADF7C252} = {E83AA066-CE90-4F19-97D6-FB89E58B6933}
	EndGlobalSection
	GlobalSection(ExtensibilityGlobals) = postSolution
		SolutionGuid = {CA806BEB-6039-4272-BDAE-DF401C0DC2B4}
	EndGlobalSection
EndGlobal
